
Microsoft Visual Studio Solution File, Format Version 12.00
# Visual Studio Version 17
VisualStudioVersion = 17.0.31903.59
MinimumVisualStudioVersion = 10.0.40219.1
Project("{FAE04EC0-301F-11D3-BF4B-00C04F79EFBC}") = "Assignment2", "Assignment2\Assignment2.csproj", "{981AC279-9B89-4FF2-BE01-ABB57FC72D2D}"
EndProject
Project("{FAE04EC0-301F-11D3-BF4B-00C04F79EFBC}") = "Assignment2Tests", "Assignment2Tests\Assignment2Tests.csproj", "{864B40CE-FE29-4EC3-B083-B7BA07FB881F}"
EndProject
Global
	GlobalSection(SolutionConfigurationPlatforms) = preSolution
		Debug|Any CPU = Debug|Any CPU
		Debug|x64 = Debug|x64
		Debug|x86 = Debug|x86
		Release|Any CPU = Release|Any CPU
		Release|x64 = Release|x64
		Release|x86 = Release|x86
	EndGlobalSection
	GlobalSection(ProjectConfigurationPlatforms) = postSolution
		{981AC279-9B89-4FF2-BE01-ABB57FC72D2D}.Debug|Any CPU.ActiveCfg = Debug|Any CPU
		{981AC279-9B89-4FF2-BE01-ABB57FC72D2D}.Debug|Any CPU.Build.0 = Debug|Any CPU
		{981AC279-9B89-4FF2-BE01-ABB57FC72D2D}.Debug|x64.ActiveCfg = Debug|Any CPU
		{981AC279-9B89-4FF2-BE01-ABB57FC72D2D}.Debug|x64.Build.0 = Debug|Any CPU
		{981AC279-9B89-4FF2-BE01-ABB57FC72D2D}.Debug|x86.ActiveCfg = Debug|Any CPU
		{981AC279-9B89-4FF2-BE01-ABB57FC72D2D}.Debug|x86.Build.0 = Debug|Any CPU
		{981AC279-9B89-4FF2-BE01-ABB57FC72D2D}.Release|Any CPU.ActiveCfg = Release|Any CPU
		{981AC279-9B89-4FF2-BE01-ABB57FC72D2D}.Release|Any CPU.Build.0 = Release|Any CPU
		{981AC279-9B89-4FF2-BE01-ABB57FC72D2D}.Release|x64.ActiveCfg = Release|Any CPU
		{981AC279-9B89-4FF2-BE01-ABB57FC72D2D}.Release|x64.Build.0 = Release|Any CPU
		{981AC279-9B89-4FF2-BE01-ABB57FC72D2D}.Release|x86.ActiveCfg = Release|Any CPU
		{981AC279-9B89-4FF2-BE01-ABB57FC72D2D}.Release|x86.Build.0 = Release|Any CPU
		{864B40CE-FE29-4EC3-B083-B7BA07FB881F}.Debug|Any CPU.ActiveCfg = Debug|Any CPU
		{864B40CE-FE29-4EC3-B083-B7BA07FB881F}.Debug|Any CPU.Build.0 = Debug|Any CPU
		{864B40CE-FE29-4EC3-B083-B7BA07FB881F}.Debug|x64.ActiveCfg = Debug|Any CPU
		{864B40CE-FE29-4EC3-B083-B7BA07FB881F}.Debug|x64.Build.0 = Debug|Any CPU
		{864B40CE-FE29-4EC3-B083-B7BA07FB881F}.Debug|x86.ActiveCfg = Debug|Any CPU
		{864B40CE-FE29-4EC3-B083-B7BA07FB881F}.Debug|x86.Build.0 = Debug|Any CPU
		{864B40CE-FE29-4EC3-B083-B7BA07FB881F}.Release|Any CPU.ActiveCfg = Release|Any CPU
		{864B40CE-FE29-4EC3-B083-B7BA07FB881F}.Release|Any CPU.Build.0 = Release|Any CPU
		{864B40CE-FE29-4EC3-B083-B7BA07FB881F}.Release|x64.ActiveCfg = Release|Any CPU
		{864B40CE-FE29-4EC3-B083-B7BA07FB881F}.Release|x64.Build.0 = Release|Any CPU
		{864B40CE-FE29-4EC3-B083-B7BA07FB881F}.Release|x86.ActiveCfg = Release|Any CPU
		{864B40CE-FE29-4EC3-B083-B7BA07FB881F}.Release|x86.Build.0 = Release|Any CPU
	EndGlobalSection
	GlobalSection(SolutionProperties) = preSolution
		HideSolutionNode = FALSE
	EndGlobalSection
EndGlobal
